{
  "lockfile-version": 1,
  "manifest": {
    "version": 1,
    "install": {
      "bun": {
        "pkg-path": "bun"
      }
    },
    "hook": {},
    "profile": {},
    "options": {
      "systems": [
        "aarch64-darwin",
        "aarch64-linux",
        "x86_64-darwin",
        "x86_64-linux"
      ],
      "allow": {
        "licenses": []
      },
      "semver": {}
    }
  },
  "packages": [
    {
      "attr_path": "bun",
      "broken": false,
      "derivation": "/nix/store/0y3kkx8jpljzx5gjb8azm13my1m27qdm-bun-1.1.38.drv",
      "description": "Incredibly fast JavaScript runtime, bundler, transpiler and package manager – all in one",
      "install_id": "bun",
      "license": "[ MIT, LGPL-2.1-only ]",
      "locked_url": "https://github.com/flox/nixpkgs?rev=3566ab7246670a43abd2ffa913cc62dad9cdf7d5",
      "name": "bun-1.1.38",
      "pname": "bun",
      "rev": "3566ab7246670a43abd2ffa913cc62dad9cdf7d5",
      "rev_count": 721821,
      "rev_date": "2024-12-13T19:53:07Z",
      "scrape_date": "2024-12-16T03:51:20Z",
      "stabilities": [
        "unstable"
      ],
      "unfree": false,
      "version": "1.1.38",
      "outputs_to_install": [
        "out"
      ],
      "outputs": {
        "out": "/nix/store/gfg0fgcxj2qgrg7ry1hwb9jrvdhz8cjj-bun-1.1.38"
      },
      "system": "aarch64-darwin",
      "group": "toplevel",
      "priority": 5
    },
    {
      "attr_path": "bun",
      "broken": false,
      "derivation": "/nix/store/4v5l1i7fmmnf6izdp053d3acnza21vd8-bun-1.1.38.drv",
      "description": "Incredibly fast JavaScript runtime, bundler, transpiler and package manager – all in one",
      "install_id": "bun",
      "license": "[ MIT, LGPL-2.1-only ]",
      "locked_url": "https://github.com/flox/nixpkgs?rev=3566ab7246670a43abd2ffa913cc62dad9cdf7d5",
      "name": "bun-1.1.38",
      "pname": "bun",
      "rev": "3566ab7246670a43abd2ffa913cc62dad9cdf7d5",
      "rev_count": 721821,
      "rev_date": "2024-12-13T19:53:07Z",
      "scrape_date": "2024-12-16T03:51:20Z",
      "stabilities": [
        "unstable"
      ],
      "unfree": false,
      "version": "1.1.38",
      "outputs_to_install": [
        "out"
      ],
      "outputs": {
        "out": "/nix/store/fsipn69dbv9cddxs58w4d892rjrn5flr-bun-1.1.38"
      },
      "system": "aarch64-linux",
      "group": "toplevel",
      "priority": 5
    },
    {
      "attr_path": "bun",
      "broken": false,
      "derivation": "/nix/store/h0iwypcgl9l8yzrihhaby6in2akyvv60-bun-1.1.38.drv",
      "description": "Incredibly fast JavaScript runtime, bundler, transpiler and package manager – all in one",
      "install_id": "bun",
      "license": "[ MIT, LGPL-2.1-only ]",
      "locked_url": "https://github.com/flox/nixpkgs?rev=3566ab7246670a43abd2ffa913cc62dad9cdf7d5",
      "name": "bun-1.1.38",
      "pname": "bun",
      "rev": "3566ab7246670a43abd2ffa913cc62dad9cdf7d5",
      "rev_count": 721821,
      "rev_date": "2024-12-13T19:53:07Z",
      "scrape_date": "2024-12-16T03:51:20Z",
      "stabilities": [
        "unstable"
      ],
      "unfree": false,
      "version": "1.1.38",
      "outputs_to_install": [
        "out"
      ],
      "outputs": {
        "out": "/nix/store/qd14gs1iij9l8i03bfn30r604bf434lf-bun-1.1.38"
      },
      "system": "x86_64-darwin",
      "group": "toplevel",
      "priority": 5
    },
    {
      "attr_path": "bun",
      "broken": false,
      "derivation": "/nix/store/is25bi47w97nv5bxyiy1bvnkqf9alpg4-bun-1.1.38.drv",
      "description": "Incredibly fast JavaScript runtime, bundler, transpiler and package manager – all in one",
      "install_id": "bun",
      "license": "[ MIT, LGPL-2.1-only ]",
      "locked_url": "https://github.com/flox/nixpkgs?rev=3566ab7246670a43abd2ffa913cc62dad9cdf7d5",
      "name": "bun-1.1.38",
      "pname": "bun",
      "rev": "3566ab7246670a43abd2ffa913cc62dad9cdf7d5",
      "rev_count": 721821,
      "rev_date": "2024-12-13T19:53:07Z",
      "scrape_date": "2024-12-16T03:51:20Z",
      "stabilities": [
        "unstable"
      ],
      "unfree": false,
      "version": "1.1.38",
      "outputs_to_install": [
        "out"
      ],
      "outputs": {
        "out": "/nix/store/bwy84nyc04012vaddk41xkr28k85zbiz-bun-1.1.38"
      },
      "system": "x86_64-linux",
      "group": "toplevel",
      "priority": 5
    }
  ]
}